{"1.1.0",
[{<<"base16">>,{pkg,<<"base16">>,<<"1.0.0">>},1},
 {<<"eini">>,{pkg,<<"eini">>,<<"1.2.6">>},1},
 {<<"envy">>,
  {git,"https://github.com/markan/envy.git",
       {ref,"0148fb4b7ed0e188511578e98b42d6e7dde0ebd1"}},
  0},
% {<<"erlcloud">>,
%  {git,"https://github.com/lbakerchef/erlcloud.git",
%       {ref,"0b1303a5d63067932e54e2ac53eda9d7516dd10b"}},
%  0},
 {<<"ibrowse">>,
  {git,"https://github.com/cmullaparthi/ibrowse.git",
       {ref,"c97136cfb61fcc6f39d4e7da47372a64f7fca04e"}},
  0},
 {<<"jsx">>,{pkg,<<"jsx">>,<<"2.9.0">>},1},
 {<<"lhttpc">>,{pkg,<<"lhttpc">>,<<"1.6.2">>},1}]}.
[
{pkg_hash,[
 {<<"base16">>, <<"283644E2B21BD5915ACB7178BED7851FB07C6E5749B8FAD68A53C501092176D9">>},
 {<<"eini">>, <<"DFFA48476FD89FB6E41CEEA0ADFA1BC6E7862CCD6584417442F8BB37E5D34715">>},
 {<<"jsx">>, <<"D2F6E5F069C00266CAD52FB15D87C428579EA4D7D73A33669E12679E203329DD">>},
 {<<"lhttpc">>, <<"044F16F0018C7AA7E945E9E9406C7F6035E0B8BC08BF77B00C78CE260E1071E3">>}]}
].
